version = 1
revision = 3
requires-python = ">=3.8"

[[package]]
name = "attrs"
version = "25.3.0"
source = { registry = "https://pypi.org/simple" }
sdist = { url = "https://files.pythonhosted.org/packages/5a/b0/1367933a8532ee6ff8d63537de4f1177af4bff9f3e829baf7331f595bb24/attrs-25.3.0.tar.gz", hash = "sha256:75d7cefc7fb576747b2c81b4442d4d4a1ce0900973527c011d1030fd3bf4af1b", size = 812032, upload-time = "2025-03-13T11:10:22.779Z" }
wheels = [
    { url = "https://files.pythonhosted.org/packages/77/06/bb80f5f86020c4551da315d78b3ab75e8228f89f0162f2c3a819e407941a/attrs-25.3.0-py3-none-any.whl", hash = "sha256:427318ce031701fea540783410126f03899a97ffc6f61596ad581ac2e40e3bc3", size = 63815, upload-time = "2025-03-13T11:10:21.14Z" },
]

[[package]]
name = "boltons"
version = "25.0.0"
source = { registry = "https://pypi.org/simple" }
sdist = { url = "https://files.pythonhosted.org/packages/63/54/71a94d8e02da9a865587fb3fff100cb0fc7aa9f4d5ed9ed3a591216ddcc7/boltons-25.0.0.tar.gz", hash = "sha256:e110fbdc30b7b9868cb604e3f71d4722dd8f4dcb4a5ddd06028ba8f1ab0b5ace", size = 246294, upload-time = "2025-02-03T05:57:59.129Z" }
wheels = [
    { url = "https://files.pythonhosted.org/packages/45/7f/0e961cf3908bc4c1c3e027de2794f867c6c89fb4916fc7dba295a0e80a2d/boltons-25.0.0-py3-none-any.whl", hash = "sha256:dc9fb38bf28985715497d1b54d00b62ea866eca3938938ea9043e254a3a6ca62", size = 194210, upload-time = "2025-02-03T05:57:56.705Z" },
]

[[package]]
name = "face"
version = "24.0.0"
source = { registry = "https://pypi.org/simple" }
dependencies = [
    { name = "boltons" },
]
sdist = { url = "https://files.pythonhosted.org/packages/ac/79/2484075a8549cd64beae697a8f664dee69a5ccf3a7439ee40c8f93c1978a/face-24.0.0.tar.gz", hash = "sha256:611e29a01ac5970f0077f9c577e746d48c082588b411b33a0dd55c4d872949f6", size = 62732, upload-time = "2024-11-02T05:24:26.095Z" }
wheels = [
    { url = "https://files.pythonhosted.org/packages/e9/47/21867c2e5fd006c8d36a560df9e32cb4f1f566b20c5dd41f5f8a2124f7de/face-24.0.0-py3-none-any.whl", hash = "sha256:0e2c17b426fa4639a4e77d1de9580f74a98f4869ba4c7c8c175b810611622cd3", size = 54742, upload-time = "2024-11-02T05:24:24.939Z" },
]

[[package]]
name = "glom"
version = "24.11.0"
source = { registry = "https://pypi.org/simple" }
dependencies = [
    { name = "attrs" },
    { name = "boltons" },
    { name = "face" },
]
sdist = { url = "https://files.pythonhosted.org/packages/05/89/b57cfbc448189426f2e01b244fbe9226b059ef5423a9d49c1d335a1f1026/glom-24.11.0.tar.gz", hash = "sha256:4325f96759a912044af7b6c6bd0dba44ad8c1eb6038aab057329661d2021bb27", size = 195120, upload-time = "2024-11-02T23:17:50.405Z" }
wheels = [
    { url = "https://files.pythonhosted.org/packages/9c/a2/75fd80784ec33da8d39cf885e8811a4fbc045a90db5e336b8e345e66dbb2/glom-24.11.0-py3-none-any.whl", hash = "sha256:991db7fcb4bfa9687010aa519b7b541bbe21111e70e58fdd2d7e34bbaa2c1fbd", size = 102690, upload-time = "2024-11-02T23:17:46.468Z" },
]

[[package]]
name = "pys-cli"
version = "0.1.0"
source = { editable = "." }
dependencies = [
    { name = "glom" },
    { name = "toml" },
]

[package.metadata]
requires-dist = [
    { name = "glom", specifier = ">=24.11.0" },
    { name = "toml", specifier = ">=0.10.2" },
]

[[package]]
name = "toml"
version = "0.10.2"
source = { registry = "https://pypi.org/simple" }
sdist = { url = "https://files.pythonhosted.org/packages/be/ba/1f744cdc819428fc6b5084ec34d9b30660f6f9daaf70eead706e3203ec3c/toml-0.10.2.tar.gz", hash = "sha256:b3bda1d108d5dd99f4a20d24d9c348e91c4db7ab1b749200bded2f839ccbe68f", size = 22253, upload-time = "2020-11-01T01:40:22.204Z" }
wheels = [
    { url = "https://files.pythonhosted.org/packages/44/6f/7120676b6d73228c96e17f1f794d8ab046fc910d781c8d151120c3f1569e/toml-0.10.2-py2.py3-none-any.whl", hash = "sha256:806143ae5bfb6a3c6e736a764057db0e6a0e05e338b5630894a5f779cabb4f9b", size = 16588, upload-time = "2020-11-01T01:40:20.672Z" },
]
